
Microsoft Visual Studio Solution File, Format Version 12.00
# Visual Studio Version 16
VisualStudioVersion = 16.0.30128.74
MinimumVisualStudioVersion = 10.0.40219.1
Project("{FAE04EC0-301F-11D3-BF4B-00C04F79EFBC}") = "CalendarApp", "CalendarApp\CalendarApp.csproj", "{8600A7D9-D6BC-46C0-8A52-562F19B5D42B}"
EndProject
Global
	GlobalSection(SolutionConfigurationPlatforms) = preSolution
		Debug|Any CPU = Debug|Any CPU
		Release|Any CPU = Release|Any CPU
	EndGlobalSection
	GlobalSection(ProjectConfigurationPlatforms) = postSolution
		{8600A7D9-D6BC-46C0-8A52-562F19B5D42B}.Debug|Any CPU.ActiveCfg = Debug|Any CPU
		{8600A7D9-D6BC-46C0-8A52-562F19B5D42B}.Debug|Any CPU.Build.0 = Debug|Any CPU
		{8600A7D9-D6BC-46C0-8A52-562F19B5D42B}.Release|Any CPU.ActiveCfg = Release|Any CPU
		{8600A7D9-D6BC-46C0-8A52-562F19B5D42B}.Release|Any CPU.Build.0 = Release|Any CPU
	EndGlobalSection
	GlobalSection(SolutionProperties) = preSolution
		HideSolutionNode = FALSE
	EndGlobalSection
	GlobalSection(ExtensibilityGlobals) = postSolution
		SolutionGuid = {5FDF202D-8A22-4E43-A295-74052E39B69E}
	EndGlobalSection
EndGlobal
